
Microsoft Visual Studio Solution File, Format Version 12.00
# Visual Studio 15
Project("{FAE04EC0-301F-11D3-BF4B-00C04F79EFBC}") = "Meta.WitAi.Conduit", "Meta.WitAi.Conduit.csproj", "{735F7F13-7FE0-27CA-3241-A58DD7ECE6F3}"
EndProject
Project("{FAE04EC0-301F-11D3-BF4B-00C04F79EFBC}") = "Oculus.VR", "Oculus.VR.csproj", "{279477AF-9E75-F316-C395-10F2F4DF447E}"
EndProject
Project("{FAE04EC0-301F-11D3-BF4B-00C04F79EFBC}") = "Oculus.Interaction", "Oculus.Interaction.csproj", "{DE492BE4-4B26-497B-49FA-F2B95C125B04}"
EndProject
Project("{FAE04EC0-301F-11D3-BF4B-00C04F79EFBC}") = "Oculus.Interaction.Editor", "Oculus.Interaction.Editor.csproj", "{2A3D6463-CD04-11CF-D85A-55025D86022D}"
EndProject
Project("{FAE04EC0-301F-11D3-BF4B-00C04F79EFBC}") = "Assembly-CSharp", "Assembly-CSharp.csproj", "{D5BAAF1C-53E9-3BF4-04E5-750728E0602C}"
EndProject
Project("{FAE04EC0-301F-11D3-BF4B-00C04F79EFBC}") = "Oculus.Platform", "Oculus.Platform.csproj", "{C8816025-2B18-2C9C-A439-103154D5891E}"
EndProject
Project("{FAE04EC0-301F-11D3-BF4B-00C04F79EFBC}") = "Oculus.AvatarSDK2", "Oculus.AvatarSDK2.csproj", "{82CD5F37-9399-1204-1B91-ADBAE59B2559}"
EndProject
Project("{FAE04EC0-301F-11D3-BF4B-00C04F79EFBC}") = "PhotonUnityNetworking.Demos", "PhotonUnityNetworking.Demos.csproj", "{C77D82F0-086B-2E1D-B89C-AC2BDF6DE764}"
EndProject
Project("{FAE04EC0-301F-11D3-BF4B-00C04F79EFBC}") = "PhotonVoice", "PhotonVoice.csproj", "{AC54D8BB-B723-D802-9B46-36873393AE64}"
EndProject
Project("{FAE04EC0-301F-11D3-BF4B-00C04F79EFBC}") = "Meta.WitAi.Lib", "Meta.WitAi.Lib.csproj", "{3E9167F9-3832-9201-A4CF-7C69927EE120}"
EndProject
Project("{FAE04EC0-301F-11D3-BF4B-00C04F79EFBC}") = "Meta.WitAi.Editor", "Meta.WitAi.Editor.csproj", "{86301454-2536-656D-7888-F962D105175D}"
EndProject
Project("{FAE04EC0-301F-11D3-BF4B-00C04F79EFBC}") = "Meta.WitAi.Conduit.Editor", "Meta.WitAi.Conduit.Editor.csproj", "{79D70204-8571-E7B9-5CC5-9335202374E1}"
EndProject
Project("{FAE04EC0-301F-11D3-BF4B-00C04F79EFBC}") = "Meta.WitAi", "Meta.WitAi.csproj", "{AB7AC5FE-0534-2790-83A5-3D88FCD072F6}"
EndProject
Project("{FAE04EC0-301F-11D3-BF4B-00C04F79EFBC}") = "PhotonVoice.API", "PhotonVoice.API.csproj", "{4BC8EF83-579E-7259-285A-4B6E19817F5A}"
EndProject
Project("{FAE04EC0-301F-11D3-BF4B-00C04F79EFBC}") = "Oculus.VR.Editor", "Oculus.VR.Editor.csproj", "{47BFA54B-199D-33C4-9340-A7FA165090E2}"
EndProject
Project("{FAE04EC0-301F-11D3-BF4B-00C04F79EFBC}") = "Oculus.LipSync", "Oculus.LipSync.csproj", "{440FB383-B042-3745-8B65-B71446B28816}"
EndProject
Project("{FAE04EC0-301F-11D3-BF4B-00C04F79EFBC}") = "Oculus.AvatarSDK2.Example", "Oculus.AvatarSDK2.Example.csproj", "{ADABF10E-C47B-43E8-0515-28F9D1ED7410}"
EndProject
Project("{FAE04EC0-301F-11D3-BF4B-00C04F79EFBC}") = "PhotonRealtime", "PhotonRealtime.csproj", "{7BF21373-2861-0210-C600-107C3693453C}"
EndProject
Project("{FAE04EC0-301F-11D3-BF4B-00C04F79EFBC}") = "PhotonUnityNetworking.Editor", "PhotonUnityNetworking.Editor.csproj", "{40ABB7B5-030D-4778-B038-5D8FE4A98B9D}"
EndProject
Project("{FAE04EC0-301F-11D3-BF4B-00C04F79EFBC}") = "Oculus.Interaction.OVR", "Oculus.Interaction.OVR.csproj", "{4F600F51-9FFD-37DA-2283-6EAA53E9A118}"
EndProject
Project("{FAE04EC0-301F-11D3-BF4B-00C04F79EFBC}") = "VoiceSDK.Editor", "VoiceSDK.Editor.csproj", "{F11C9836-359B-FBC5-B392-B2CE0F982FD0}"
EndProject
Project("{FAE04EC0-301F-11D3-BF4B-00C04F79EFBC}") = "PhotonUnityNetworking", "PhotonUnityNetworking.csproj", "{F383E5A1-160B-055F-90C2-86E34A364D97}"
EndProject
Project("{FAE04EC0-301F-11D3-BF4B-00C04F79EFBC}") = "Meta.WitAI.Lib.Editor", "Meta.WitAI.Lib.Editor.csproj", "{1CDAB89B-A723-2EC5-FA03-EDC53A590729}"
EndProject
Project("{FAE04EC0-301F-11D3-BF4B-00C04F79EFBC}") = "Oculus.Interaction.OVR.Samples", "Oculus.Interaction.OVR.Samples.csproj", "{3D27EA74-F6C2-074B-4AE1-89A9F646EE9F}"
EndProject
Project("{FAE04EC0-301F-11D3-BF4B-00C04F79EFBC}") = "PhotonUnityNetworking.Utilities.PhotonPlayer.Editor", "PhotonUnityNetworking.Utilities.PhotonPlayer.Editor.csproj", "{A59D6F62-EDD4-184A-D3E0-7DFEA273773B}"
EndProject
Project("{FAE04EC0-301F-11D3-BF4B-00C04F79EFBC}") = "Oculus.AudioManager", "Oculus.AudioManager.csproj", "{F123956D-2BC6-7DC6-984F-665D936F18AA}"
EndProject
Project("{FAE04EC0-301F-11D3-BF4B-00C04F79EFBC}") = "Oculus.AvatarSDK2.Editor", "Oculus.AvatarSDK2.Editor.csproj", "{0A3C3EB6-51B5-BD19-89A8-33FED77CB62E}"
EndProject
Project("{FAE04EC0-301F-11D3-BF4B-00C04F79EFBC}") = "PhotonVoice.PUN", "PhotonVoice.PUN.csproj", "{64B580EC-F46F-460E-32BC-C5C4574230AA}"
EndProject
Project("{FAE04EC0-301F-11D3-BF4B-00C04F79EFBC}") = "Assembly-CSharp-Editor", "Assembly-CSharp-Editor.csproj", "{30444378-8D3D-E760-637C-690F4AF7D7BE}"
EndProject
Project("{FAE04EC0-301F-11D3-BF4B-00C04F79EFBC}") = "Oculus.AvatarSDK2.Example.Editor", "Oculus.AvatarSDK2.Example.Editor.csproj", "{84CCD296-9BE0-5325-790F-7B7E22B4CC6B}"
EndProject
Project("{FAE04EC0-301F-11D3-BF4B-00C04F79EFBC}") = "VoiceSDK.Dictation.Runtime", "VoiceSDK.Dictation.Runtime.csproj", "{79E3B8A0-09AC-01F3-E270-4B0CD893A659}"
EndProject
Project("{FAE04EC0-301F-11D3-BF4B-00C04F79EFBC}") = "Meta.WitAi.TTS", "Meta.WitAi.TTS.csproj", "{E6D61CC2-3F23-7A72-C462-65BE06911E36}"
EndProject
Project("{FAE04EC0-301F-11D3-BF4B-00C04F79EFBC}") = "AssistantCoreSDKRuntime", "AssistantCoreSDKRuntime.csproj", "{3BA95B3C-796B-54A9-4F22-CA6F58312A19}"
EndProject
Project("{FAE04EC0-301F-11D3-BF4B-00C04F79EFBC}") = "PhotonChat", "PhotonChat.csproj", "{6F0E7899-DEB0-235A-ACCA-43F4DD9E2727}"
EndProject
Project("{FAE04EC0-301F-11D3-BF4B-00C04F79EFBC}") = "Oculus.VR.Scripts.Editor", "Oculus.VR.Scripts.Editor.csproj", "{5CD545B3-BA4B-F12E-AFB7-8805D34BFFDB}"
EndProject
Project("{FAE04EC0-301F-11D3-BF4B-00C04F79EFBC}") = "Meta.WitAi.TTS.Samples", "Meta.WitAi.TTS.Samples.csproj", "{CBADEF93-783E-CF52-7144-777607CD0F3B}"
EndProject
Project("{FAE04EC0-301F-11D3-BF4B-00C04F79EFBC}") = "Oculus.Interaction.Samples.Editor", "Oculus.Interaction.Samples.Editor.csproj", "{71BEFCE1-3101-F158-95F2-FA60576BCB18}"
EndProject
Project("{FAE04EC0-301F-11D3-BF4B-00C04F79EFBC}") = "MicAmplifierEditor.Editor", "MicAmplifierEditor.Editor.csproj", "{50EF00E8-4747-7A8A-19D1-0084591B6CAF}"
EndProject
Project("{FAE04EC0-301F-11D3-BF4B-00C04F79EFBC}") = "Meta.WitAi.TTS.Editor", "Meta.WitAi.TTS.Editor.csproj", "{81593846-B166-C8BF-8C91-1F38346D4ECF}"
EndProject
Project("{FAE04EC0-301F-11D3-BF4B-00C04F79EFBC}") = "PhotonUnityNetworking.Utilities", "PhotonUnityNetworking.Utilities.csproj", "{D345BA65-2A19-A668-916A-B03039A70B14}"
EndProject
Project("{FAE04EC0-301F-11D3-BF4B-00C04F79EFBC}") = "Oculus.Platform.Editor", "Oculus.Platform.Editor.csproj", "{2CD2FE19-3495-BAF4-DBD3-56E0B966EDED}"
EndProject
Project("{FAE04EC0-301F-11D3-BF4B-00C04F79EFBC}") = "Facebook.Wit.Dictation", "Facebook.Wit.Dictation.csproj", "{E4419A5D-CBF9-7A84-B97B-1480449ED96C}"
EndProject
Project("{FAE04EC0-301F-11D3-BF4B-00C04F79EFBC}") = "Oculus.Spatializer.Editor", "Oculus.Spatializer.Editor.csproj", "{F8A5FBE7-7083-800A-70F5-B6936DD41143}"
EndProject
Project("{FAE04EC0-301F-11D3-BF4B-00C04F79EFBC}") = "Oculus.LipSync.Editor", "Oculus.LipSync.Editor.csproj", "{74C7A912-2E56-F2C4-DF69-3DF2F0AFCE8A}"
EndProject
Project("{FAE04EC0-301F-11D3-BF4B-00C04F79EFBC}") = "Oculus.Voice.Demo", "Oculus.Voice.Demo.csproj", "{9E082543-9446-AC60-9604-7324B7B39B40}"
EndProject
Project("{FAE04EC0-301F-11D3-BF4B-00C04F79EFBC}") = "Oculus.AudioManager.Utils.Editor", "Oculus.AudioManager.Utils.Editor.csproj", "{8F995746-0173-F953-2D5B-DC0946625CAF}"
EndProject
Project("{FAE04EC0-301F-11D3-BF4B-00C04F79EFBC}") = "Meta.VoiceSDK.Mic.Common", "Meta.VoiceSDK.Mic.Common.csproj", "{9419AD26-BF1C-ABEA-7BD1-9CF3E7E28A44}"
EndProject
Project("{FAE04EC0-301F-11D3-BF4B-00C04F79EFBC}") = "Oculus.Spatializer", "Oculus.Spatializer.csproj", "{60ADFA79-3B04-333E-371B-955EC1966058}"
EndProject
Project("{FAE04EC0-301F-11D3-BF4B-00C04F79EFBC}") = "Meta.VoiceSDK.Mic.Other", "Meta.VoiceSDK.Mic.Other.csproj", "{D3337B83-58D9-70F9-E2C8-C58512CFD74E}"
EndProject
Project("{FAE04EC0-301F-11D3-BF4B-00C04F79EFBC}") = "VoiceSDK.Runtime", "VoiceSDK.Runtime.csproj", "{8E0F7741-408D-A43F-809C-6127C4D172D9}"
EndProject
Project("{FAE04EC0-301F-11D3-BF4B-00C04F79EFBC}") = "Oculus.Interaction.InterfaceSupport", "Oculus.Interaction.InterfaceSupport.csproj", "{D613546D-F98F-638A-E143-C09B54C69AE1}"
EndProject
Project("{FAE04EC0-301F-11D3-BF4B-00C04F79EFBC}") = "Oculus.AudioManager.Audio.Editor", "Oculus.AudioManager.Audio.Editor.csproj", "{8A714487-8733-D9D5-264F-43F832642056}"
EndProject
Project("{FAE04EC0-301F-11D3-BF4B-00C04F79EFBC}") = "PunDemos.DemoSlotcarEditor", "PunDemos.DemoSlotcarEditor.csproj", "{715D2689-9E2D-6C7E-471C-DB1031D21275}"
EndProject
Project("{FAE04EC0-301F-11D3-BF4B-00C04F79EFBC}") = "VoiceSDK.Dictation.Editor", "VoiceSDK.Dictation.Editor.csproj", "{2970A2C2-4349-D9A3-803A-0E7E0826FE74}"
EndProject
Project("{FAE04EC0-301F-11D3-BF4B-00C04F79EFBC}") = "AssistantCoreSDKEditor", "AssistantCoreSDKEditor.csproj", "{9E531F11-4E8D-8991-49C9-9773C9738A72}"
EndProject
Project("{FAE04EC0-301F-11D3-BF4B-00C04F79EFBC}") = "PhotonVoice.Editor", "PhotonVoice.Editor.csproj", "{443DB624-41AE-2E45-E63B-35E18F05978F}"
EndProject
Project("{FAE04EC0-301F-11D3-BF4B-00C04F79EFBC}") = "PunDemos.DemoHubEditor", "PunDemos.DemoHubEditor.csproj", "{AABF22F3-E364-6B73-A652-24E52BBFDA98}"
EndProject
Project("{FAE04EC0-301F-11D3-BF4B-00C04F79EFBC}") = "Meta.VoiceSDK.Mic.WebGL", "Meta.VoiceSDK.Mic.WebGL.csproj", "{D35DE2D5-F15E-8B7F-D467-2F6DE64F10EF}"
EndProject
Project("{FAE04EC0-301F-11D3-BF4B-00C04F79EFBC}") = "PhotonVoice.PUN.Editor", "PhotonVoice.PUN.Editor.csproj", "{F9F6C421-5C46-3442-E769-6D6AC2ABCC67}"
EndProject
Project("{FAE04EC0-301F-11D3-BF4B-00C04F79EFBC}") = "Oculus.Interaction.OVR.Editor", "Oculus.Interaction.OVR.Editor.csproj", "{DC8C6267-617D-30DF-46A9-C3E840A851CD}"
EndProject
Project("{FAE04EC0-301F-11D3-BF4B-00C04F79EFBC}") = "PhotonVoice.Utilities.Editor", "PhotonVoice.Utilities.Editor.csproj", "{91056886-793D-5E3C-3565-FD2E2F3086BB}"
EndProject
Project("{FAE04EC0-301F-11D3-BF4B-00C04F79EFBC}") = "Facebook.Wit.Dictation.Editor", "Facebook.Wit.Dictation.Editor.csproj", "{51A218D8-4778-E2F5-3FF9-13E31BA0C627}"
EndProject
Project("{FAE04EC0-301F-11D3-BF4B-00C04F79EFBC}") = "PhotonUnityNetworking.Utilities.Culling.Editor", "PhotonUnityNetworking.Utilities.Culling.Editor.csproj", "{3CDC991E-3B3C-4745-0698-2753D57F9E84}"
EndProject
Project("{FAE04EC0-301F-11D3-BF4B-00C04F79EFBC}") = "Meta.WitAi.Conduit", "Meta.WitAi.Conduit.Player.csproj", "{28AA5CF3-8B7F-8D6B-AAD1-5075A8F2588F}"
EndProject
Project("{FAE04EC0-301F-11D3-BF4B-00C04F79EFBC}") = "Oculus.VR", "Oculus.VR.Player.csproj", "{D5AFD67F-E92D-8378-0776-224555CB7DF7}"
EndProject
Project("{FAE04EC0-301F-11D3-BF4B-00C04F79EFBC}") = "Oculus.Interaction", "Oculus.Interaction.Player.csproj", "{2D176BD8-9375-5C96-D89B-0E94AE939536}"
EndProject
Project("{FAE04EC0-301F-11D3-BF4B-00C04F79EFBC}") = "Assembly-CSharp", "Assembly-CSharp.Player.csproj", "{EAB7A27D-4BE0-7FB7-A73C-1EFBFFD8D5E6}"
EndProject
Project("{FAE04EC0-301F-11D3-BF4B-00C04F79EFBC}") = "Oculus.Platform", "Oculus.Platform.Player.csproj", "{C931F2A2-545C-6245-EB89-77207456BD71}"
EndProject
Project("{FAE04EC0-301F-11D3-BF4B-00C04F79EFBC}") = "Oculus.AvatarSDK2", "Oculus.AvatarSDK2.Player.csproj", "{5B693702-D521-D05C-1363-9CA51B6FF862}"
EndProject
Project("{FAE04EC0-301F-11D3-BF4B-00C04F79EFBC}") = "PhotonUnityNetworking.Demos", "PhotonUnityNetworking.Demos.Player.csproj", "{FB71FC69-8193-3FB5-683C-4AA61532C683}"
EndProject
Project("{FAE04EC0-301F-11D3-BF4B-00C04F79EFBC}") = "PhotonVoice", "PhotonVoice.Player.csproj", "{B9DD4D93-A9D1-9D3E-AD1C-68DD2B3A409C}"
EndProject
Project("{FAE04EC0-301F-11D3-BF4B-00C04F79EFBC}") = "Meta.WitAi.Lib", "Meta.WitAi.Lib.Player.csproj", "{773179B4-D015-9F70-4C55-EFBD7302E243}"
EndProject
Project("{FAE04EC0-301F-11D3-BF4B-00C04F79EFBC}") = "Meta.WitAi", "Meta.WitAi.Player.csproj", "{D9DFD863-828C-88B1-96E6-9B4AE681E437}"
EndProject
Project("{FAE04EC0-301F-11D3-BF4B-00C04F79EFBC}") = "PhotonVoice.API", "PhotonVoice.API.Player.csproj", "{9DBE2DF4-1BA2-4413-1BA0-D5A5DD1CB473}"
EndProject
Project("{FAE04EC0-301F-11D3-BF4B-00C04F79EFBC}") = "Oculus.LipSync", "Oculus.LipSync.Player.csproj", "{258FCBD6-6FE9-4660-1C65-F0B3032DDCF5}"
EndProject
Project("{FAE04EC0-301F-11D3-BF4B-00C04F79EFBC}") = "Oculus.AvatarSDK2.Example", "Oculus.AvatarSDK2.Example.Player.csproj", "{C8C1D958-737B-E815-3E86-61B5596DD66F}"
EndProject
Project("{FAE04EC0-301F-11D3-BF4B-00C04F79EFBC}") = "PhotonRealtime", "PhotonRealtime.Player.csproj", "{9DB7078A-8EB8-EDE0-E53A-BDBF18F828B3}"
EndProject
Project("{FAE04EC0-301F-11D3-BF4B-00C04F79EFBC}") = "Oculus.Interaction.OVR", "Oculus.Interaction.OVR.Player.csproj", "{344C8E59-D8DE-CBB3-FA96-688C00F2913F}"
EndProject
Project("{FAE04EC0-301F-11D3-BF4B-00C04F79EFBC}") = "PhotonUnityNetworking", "PhotonUnityNetworking.Player.csproj", "{76BFDFD9-833F-D094-5B36-88E0525950F5}"
EndProject
Project("{FAE04EC0-301F-11D3-BF4B-00C04F79EFBC}") = "Oculus.Interaction.OVR.Samples", "Oculus.Interaction.OVR.Samples.Player.csproj", "{B5C2ACBC-04ED-2AF3-B9DB-0BB427E87E1F}"
EndProject
Project("{FAE04EC0-301F-11D3-BF4B-00C04F79EFBC}") = "Oculus.AudioManager", "Oculus.AudioManager.Player.csproj", "{B1555B94-7DBE-8298-BF72-0AD5395D5F68}"
EndProject
Project("{FAE04EC0-301F-11D3-BF4B-00C04F79EFBC}") = "PhotonVoice.PUN", "PhotonVoice.PUN.Player.csproj", "{DDDBB8EA-1F70-94B3-9CEE-5FD6686FC1E6}"
EndProject
Project("{FAE04EC0-301F-11D3-BF4B-00C04F79EFBC}") = "VoiceSDK.Dictation.Runtime", "VoiceSDK.Dictation.Runtime.Player.csproj", "{489E9FC4-346E-0C39-0C3B-EB66E7562812}"
EndProject
Project("{FAE04EC0-301F-11D3-BF4B-00C04F79EFBC}") = "Meta.WitAi.TTS", "Meta.WitAi.TTS.Player.csproj", "{D5B42797-B539-6BCB-7F6C-47110CD1E16C}"
EndProject
Project("{FAE04EC0-301F-11D3-BF4B-00C04F79EFBC}") = "AssistantCoreSDKRuntime", "AssistantCoreSDKRuntime.Player.csproj", "{DDD483F9-BD10-A12B-B03E-0E93026727DC}"
EndProject
Project("{FAE04EC0-301F-11D3-BF4B-00C04F79EFBC}") = "PhotonChat", "PhotonChat.Player.csproj", "{022B5B25-85EC-97D6-F915-7F7EACB9496B}"
EndProject
Project("{FAE04EC0-301F-11D3-BF4B-00C04F79EFBC}") = "Meta.WitAi.TTS.Samples", "Meta.WitAi.TTS.Samples.Player.csproj", "{135E64E8-52E0-EC90-8EF4-CEF859E132D9}"
EndProject
Project("{FAE04EC0-301F-11D3-BF4B-00C04F79EFBC}") = "PhotonUnityNetworking.Utilities", "PhotonUnityNetworking.Utilities.Player.csproj", "{D4297886-C90C-011E-15DD-431BF3171A84}"
EndProject
Project("{FAE04EC0-301F-11D3-BF4B-00C04F79EFBC}") = "Facebook.Wit.Dictation", "Facebook.Wit.Dictation.Player.csproj", "{5FA13D61-77DA-937A-7C84-7FF19FE8477E}"
EndProject
Project("{FAE04EC0-301F-11D3-BF4B-00C04F79EFBC}") = "Oculus.Voice.Demo", "Oculus.Voice.Demo.Player.csproj", "{6C661CEA-31D9-ECEC-E1F5-97C4311950F7}"
EndProject
Project("{FAE04EC0-301F-11D3-BF4B-00C04F79EFBC}") = "Meta.VoiceSDK.Mic.Common", "Meta.VoiceSDK.Mic.Common.Player.csproj", "{F8168D40-9CFB-7946-0312-12B5012E5CFE}"
EndProject
Project("{FAE04EC0-301F-11D3-BF4B-00C04F79EFBC}") = "Oculus.Spatializer", "Oculus.Spatializer.Player.csproj", "{0C866C18-CAF6-1667-C4CE-03A2DA5D52D8}"
EndProject
Project("{FAE04EC0-301F-11D3-BF4B-00C04F79EFBC}") = "Meta.VoiceSDK.Mic.Other", "Meta.VoiceSDK.Mic.Other.Player.csproj", "{94F162BB-CE2C-F2CA-6D94-0C154BE469BD}"
EndProject
Project("{FAE04EC0-301F-11D3-BF4B-00C04F79EFBC}") = "VoiceSDK.Runtime", "VoiceSDK.Runtime.Player.csproj", "{E372C1A0-AD72-9285-E068-8240BA13FD9D}"
EndProject
Global
	GlobalSection(SolutionConfigurationPlatforms) = preSolution
		Debug|Any CPU = Debug|Any CPU
		Release|Any CPU = Release|Any CPU
	EndGlobalSection
	GlobalSection(ProjectConfigurationPlatforms) = postSolution
		{735F7F13-7FE0-27CA-3241-A58DD7ECE6F3}.Debug|Any CPU.ActiveCfg = Debug|Any CPU
		{735F7F13-7FE0-27CA-3241-A58DD7ECE6F3}.Debug|Any CPU.Build.0 = Debug|Any CPU
		{735F7F13-7FE0-27CA-3241-A58DD7ECE6F3}.Release|Any CPU.ActiveCfg = Release|Any CPU
		{735F7F13-7FE0-27CA-3241-A58DD7ECE6F3}.Release|Any CPU.Build.0 = Release|Any CPU
		{279477AF-9E75-F316-C395-10F2F4DF447E}.Debug|Any CPU.ActiveCfg = Debug|Any CPU
		{279477AF-9E75-F316-C395-10F2F4DF447E}.Debug|Any CPU.Build.0 = Debug|Any CPU
		{279477AF-9E75-F316-C395-10F2F4DF447E}.Release|Any CPU.ActiveCfg = Release|Any CPU
		{279477AF-9E75-F316-C395-10F2F4DF447E}.Release|Any CPU.Build.0 = Release|Any CPU
		{DE492BE4-4B26-497B-49FA-F2B95C125B04}.Debug|Any CPU.ActiveCfg = Debug|Any CPU
		{DE492BE4-4B26-497B-49FA-F2B95C125B04}.Debug|Any CPU.Build.0 = Debug|Any CPU
		{DE492BE4-4B26-497B-49FA-F2B95C125B04}.Release|Any CPU.ActiveCfg = Release|Any CPU
		{DE492BE4-4B26-497B-49FA-F2B95C125B04}.Release|Any CPU.Build.0 = Release|Any CPU
		{2A3D6463-CD04-11CF-D85A-55025D86022D}.Debug|Any CPU.ActiveCfg = Debug|Any CPU
		{2A3D6463-CD04-11CF-D85A-55025D86022D}.Debug|Any CPU.Build.0 = Debug|Any CPU
		{2A3D6463-CD04-11CF-D85A-55025D86022D}.Release|Any CPU.ActiveCfg = Release|Any CPU
		{2A3D6463-CD04-11CF-D85A-55025D86022D}.Release|Any CPU.Build.0 = Release|Any CPU
		{D5BAAF1C-53E9-3BF4-04E5-750728E0602C}.Debug|Any CPU.ActiveCfg = Debug|Any CPU
		{D5BAAF1C-53E9-3BF4-04E5-750728E0602C}.Debug|Any CPU.Build.0 = Debug|Any CPU
		{D5BAAF1C-53E9-3BF4-04E5-750728E0602C}.Release|Any CPU.ActiveCfg = Release|Any CPU
		{D5BAAF1C-53E9-3BF4-04E5-750728E0602C}.Release|Any CPU.Build.0 = Release|Any CPU
		{C8816025-2B18-2C9C-A439-103154D5891E}.Debug|Any CPU.ActiveCfg = Debug|Any CPU
		{C8816025-2B18-2C9C-A439-103154D5891E}.Debug|Any CPU.Build.0 = Debug|Any CPU
		{C8816025-2B18-2C9C-A439-103154D5891E}.Release|Any CPU.ActiveCfg = Release|Any CPU
		{C8816025-2B18-2C9C-A439-103154D5891E}.Release|Any CPU.Build.0 = Release|Any CPU
		{82CD5F37-9399-1204-1B91-ADBAE59B2559}.Debug|Any CPU.ActiveCfg = Debug|Any CPU
		{82CD5F37-9399-1204-1B91-ADBAE59B2559}.Debug|Any CPU.Build.0 = Debug|Any CPU
		{82CD5F37-9399-1204-1B91-ADBAE59B2559}.Release|Any CPU.ActiveCfg = Release|Any CPU
		{82CD5F37-9399-1204-1B91-ADBAE59B2559}.Release|Any CPU.Build.0 = Release|Any CPU
		{C77D82F0-086B-2E1D-B89C-AC2BDF6DE764}.Debug|Any CPU.ActiveCfg = Debug|Any CPU
		{C77D82F0-086B-2E1D-B89C-AC2BDF6DE764}.Debug|Any CPU.Build.0 = Debug|Any CPU
		{C77D82F0-086B-2E1D-B89C-AC2BDF6DE764}.Release|Any CPU.ActiveCfg = Release|Any CPU
		{C77D82F0-086B-2E1D-B89C-AC2BDF6DE764}.Release|Any CPU.Build.0 = Release|Any CPU
		{AC54D8BB-B723-D802-9B46-36873393AE64}.Debug|Any CPU.ActiveCfg = Debug|Any CPU
		{AC54D8BB-B723-D802-9B46-36873393AE64}.Debug|Any CPU.Build.0 = Debug|Any CPU
		{AC54D8BB-B723-D802-9B46-36873393AE64}.Release|Any CPU.ActiveCfg = Release|Any CPU
		{AC54D8BB-B723-D802-9B46-36873393AE64}.Release|Any CPU.Build.0 = Release|Any CPU
		{3E9167F9-3832-9201-A4CF-7C69927EE120}.Debug|Any CPU.ActiveCfg = Debug|Any CPU
		{3E9167F9-3832-9201-A4CF-7C69927EE120}.Debug|Any CPU.Build.0 = Debug|Any CPU
		{3E9167F9-3832-9201-A4CF-7C69927EE120}.Release|Any CPU.ActiveCfg = Release|Any CPU
		{3E9167F9-3832-9201-A4CF-7C69927EE120}.Release|Any CPU.Build.0 = Release|Any CPU
		{86301454-2536-656D-7888-F962D105175D}.Debug|Any CPU.ActiveCfg = Debug|Any CPU
		{86301454-2536-656D-7888-F962D105175D}.Debug|Any CPU.Build.0 = Debug|Any CPU
		{86301454-2536-656D-7888-F962D105175D}.Release|Any CPU.ActiveCfg = Release|Any CPU
		{86301454-2536-656D-7888-F962D105175D}.Release|Any CPU.Build.0 = Release|Any CPU
		{79D70204-8571-E7B9-5CC5-9335202374E1}.Debug|Any CPU.ActiveCfg = Debug|Any CPU
		{79D70204-8571-E7B9-5CC5-9335202374E1}.Debug|Any CPU.Build.0 = Debug|Any CPU
		{79D70204-8571-E7B9-5CC5-9335202374E1}.Release|Any CPU.ActiveCfg = Release|Any CPU
		{79D70204-8571-E7B9-5CC5-9335202374E1}.Release|Any CPU.Build.0 = Release|Any CPU
		{AB7AC5FE-0534-2790-83A5-3D88FCD072F6}.Debug|Any CPU.ActiveCfg = Debug|Any CPU
		{AB7AC5FE-0534-2790-83A5-3D88FCD072F6}.Debug|Any CPU.Build.0 = Debug|Any CPU
		{AB7AC5FE-0534-2790-83A5-3D88FCD072F6}.Release|Any CPU.ActiveCfg = Release|Any CPU
		{AB7AC5FE-0534-2790-83A5-3D88FCD072F6}.Release|Any CPU.Build.0 = Release|Any CPU
		{4BC8EF83-579E-7259-285A-4B6E19817F5A}.Debug|Any CPU.ActiveCfg = Debug|Any CPU
		{4BC8EF83-579E-7259-285A-4B6E19817F5A}.Debug|Any CPU.Build.0 = Debug|Any CPU
		{4BC8EF83-579E-7259-285A-4B6E19817F5A}.Release|Any CPU.ActiveCfg = Release|Any CPU
		{4BC8EF83-579E-7259-285A-4B6E19817F5A}.Release|Any CPU.Build.0 = Release|Any CPU
		{47BFA54B-199D-33C4-9340-A7FA165090E2}.Debug|Any CPU.ActiveCfg = Debug|Any CPU
		{47BFA54B-199D-33C4-9340-A7FA165090E2}.Debug|Any CPU.Build.0 = Debug|Any CPU
		{47BFA54B-199D-33C4-9340-A7FA165090E2}.Release|Any CPU.ActiveCfg = Release|Any CPU
		{47BFA54B-199D-33C4-9340-A7FA165090E2}.Release|Any CPU.Build.0 = Release|Any CPU
		{440FB383-B042-3745-8B65-B71446B28816}.Debug|Any CPU.ActiveCfg = Debug|Any CPU
		{440FB383-B042-3745-8B65-B71446B28816}.Debug|Any CPU.Build.0 = Debug|Any CPU
		{440FB383-B042-3745-8B65-B71446B28816}.Release|Any CPU.ActiveCfg = Release|Any CPU
		{440FB383-B042-3745-8B65-B71446B28816}.Release|Any CPU.Build.0 = Release|Any CPU
		{ADABF10E-C47B-43E8-0515-28F9D1ED7410}.Debug|Any CPU.ActiveCfg = Debug|Any CPU
		{ADABF10E-C47B-43E8-0515-28F9D1ED7410}.Debug|Any CPU.Build.0 = Debug|Any CPU
		{ADABF10E-C47B-43E8-0515-28F9D1ED7410}.Release|Any CPU.ActiveCfg = Release|Any CPU
		{ADABF10E-C47B-43E8-0515-28F9D1ED7410}.Release|Any CPU.Build.0 = Release|Any CPU
		{7BF21373-2861-0210-C600-107C3693453C}.Debug|Any CPU.ActiveCfg = Debug|Any CPU
		{7BF21373-2861-0210-C600-107C3693453C}.Debug|Any CPU.Build.0 = Debug|Any CPU
		{7BF21373-2861-0210-C600-107C3693453C}.Release|Any CPU.ActiveCfg = Release|Any CPU
		{7BF21373-2861-0210-C600-107C3693453C}.Release|Any CPU.Build.0 = Release|Any CPU
		{40ABB7B5-030D-4778-B038-5D8FE4A98B9D}.Debug|Any CPU.ActiveCfg = Debug|Any CPU
		{40ABB7B5-030D-4778-B038-5D8FE4A98B9D}.Debug|Any CPU.Build.0 = Debug|Any CPU
		{40ABB7B5-030D-4778-B038-5D8FE4A98B9D}.Release|Any CPU.ActiveCfg = Release|Any CPU
		{40ABB7B5-030D-4778-B038-5D8FE4A98B9D}.Release|Any CPU.Build.0 = Release|Any CPU
		{4F600F51-9FFD-37DA-2283-6EAA53E9A118}.Debug|Any CPU.ActiveCfg = Debug|Any CPU
		{4F600F51-9FFD-37DA-2283-6EAA53E9A118}.Debug|Any CPU.Build.0 = Debug|Any CPU
		{4F600F51-9FFD-37DA-2283-6EAA53E9A118}.Release|Any CPU.ActiveCfg = Release|Any CPU
		{4F600F51-9FFD-37DA-2283-6EAA53E9A118}.Release|Any CPU.Build.0 = Release|Any CPU
		{F11C9836-359B-FBC5-B392-B2CE0F982FD0}.Debug|Any CPU.ActiveCfg = Debug|Any CPU
		{F11C9836-359B-FBC5-B392-B2CE0F982FD0}.Debug|Any CPU.Build.0 = Debug|Any CPU
		{F11C9836-359B-FBC5-B392-B2CE0F982FD0}.Release|Any CPU.ActiveCfg = Release|Any CPU
		{F11C9836-359B-FBC5-B392-B2CE0F982FD0}.Release|Any CPU.Build.0 = Release|Any CPU
		{F383E5A1-160B-055F-90C2-86E34A364D97}.Debug|Any CPU.ActiveCfg = Debug|Any CPU
		{F383E5A1-160B-055F-90C2-86E34A364D97}.Debug|Any CPU.Build.0 = Debug|Any CPU
		{F383E5A1-160B-055F-90C2-86E34A364D97}.Release|Any CPU.ActiveCfg = Release|Any CPU
		{F383E5A1-160B-055F-90C2-86E34A364D97}.Release|Any CPU.Build.0 = Release|Any CPU
		{1CDAB89B-A723-2EC5-FA03-EDC53A590729}.Debug|Any CPU.ActiveCfg = Debug|Any CPU
		{1CDAB89B-A723-2EC5-FA03-EDC53A590729}.Debug|Any CPU.Build.0 = Debug|Any CPU
		{1CDAB89B-A723-2EC5-FA03-EDC53A590729}.Release|Any CPU.ActiveCfg = Release|Any CPU
		{1CDAB89B-A723-2EC5-FA03-EDC53A590729}.Release|Any CPU.Build.0 = Release|Any CPU
		{3D27EA74-F6C2-074B-4AE1-89A9F646EE9F}.Debug|Any CPU.ActiveCfg = Debug|Any CPU
		{3D27EA74-F6C2-074B-4AE1-89A9F646EE9F}.Debug|Any CPU.Build.0 = Debug|Any CPU
		{3D27EA74-F6C2-074B-4AE1-89A9F646EE9F}.Release|Any CPU.ActiveCfg = Release|Any CPU
		{3D27EA74-F6C2-074B-4AE1-89A9F646EE9F}.Release|Any CPU.Build.0 = Release|Any CPU
		{A59D6F62-EDD4-184A-D3E0-7DFEA273773B}.Debug|Any CPU.ActiveCfg = Debug|Any CPU
		{A59D6F62-EDD4-184A-D3E0-7DFEA273773B}.Debug|Any CPU.Build.0 = Debug|Any CPU
		{A59D6F62-EDD4-184A-D3E0-7DFEA273773B}.Release|Any CPU.ActiveCfg = Release|Any CPU
		{A59D6F62-EDD4-184A-D3E0-7DFEA273773B}.Release|Any CPU.Build.0 = Release|Any CPU
		{F123956D-2BC6-7DC6-984F-665D936F18AA}.Debug|Any CPU.ActiveCfg = Debug|Any CPU
		{F123956D-2BC6-7DC6-984F-665D936F18AA}.Debug|Any CPU.Build.0 = Debug|Any CPU
		{F123956D-2BC6-7DC6-984F-665D936F18AA}.Release|Any CPU.ActiveCfg = Release|Any CPU
		{F123956D-2BC6-7DC6-984F-665D936F18AA}.Release|Any CPU.Build.0 = Release|Any CPU
		{0A3C3EB6-51B5-BD19-89A8-33FED77CB62E}.Debug|Any CPU.ActiveCfg = Debug|Any CPU
		{0A3C3EB6-51B5-BD19-89A8-33FED77CB62E}.Debug|Any CPU.Build.0 = Debug|Any CPU
		{0A3C3EB6-51B5-BD19-89A8-33FED77CB62E}.Release|Any CPU.ActiveCfg = Release|Any CPU
		{0A3C3EB6-51B5-BD19-89A8-33FED77CB62E}.Release|Any CPU.Build.0 = Release|Any CPU
		{64B580EC-F46F-460E-32BC-C5C4574230AA}.Debug|Any CPU.ActiveCfg = Debug|Any CPU
		{64B580EC-F46F-460E-32BC-C5C4574230AA}.Debug|Any CPU.Build.0 = Debug|Any CPU
		{64B580EC-F46F-460E-32BC-C5C4574230AA}.Release|Any CPU.ActiveCfg = Release|Any CPU
		{64B580EC-F46F-460E-32BC-C5C4574230AA}.Release|Any CPU.Build.0 = Release|Any CPU
		{30444378-8D3D-E760-637C-690F4AF7D7BE}.Debug|Any CPU.ActiveCfg = Debug|Any CPU
		{30444378-8D3D-E760-637C-690F4AF7D7BE}.Debug|Any CPU.Build.0 = Debug|Any CPU
		{30444378-8D3D-E760-637C-690F4AF7D7BE}.Release|Any CPU.ActiveCfg = Release|Any CPU
		{30444378-8D3D-E760-637C-690F4AF7D7BE}.Release|Any CPU.Build.0 = Release|Any CPU
		{84CCD296-9BE0-5325-790F-7B7E22B4CC6B}.Debug|Any CPU.ActiveCfg = Debug|Any CPU
		{84CCD296-9BE0-5325-790F-7B7E22B4CC6B}.Debug|Any CPU.Build.0 = Debug|Any CPU
		{84CCD296-9BE0-5325-790F-7B7E22B4CC6B}.Release|Any CPU.ActiveCfg = Release|Any CPU
		{84CCD296-9BE0-5325-790F-7B7E22B4CC6B}.Release|Any CPU.Build.0 = Release|Any CPU
		{79E3B8A0-09AC-01F3-E270-4B0CD893A659}.Debug|Any CPU.ActiveCfg = Debug|Any CPU
		{79E3B8A0-09AC-01F3-E270-4B0CD893A659}.Debug|Any CPU.Build.0 = Debug|Any CPU
		{79E3B8A0-09AC-01F3-E270-4B0CD893A659}.Release|Any CPU.ActiveCfg = Release|Any CPU
		{79E3B8A0-09AC-01F3-E270-4B0CD893A659}.Release|Any CPU.Build.0 = Release|Any CPU
		{E6D61CC2-3F23-7A72-C462-65BE06911E36}.Debug|Any CPU.ActiveCfg = Debug|Any CPU
		{E6D61CC2-3F23-7A72-C462-65BE06911E36}.Debug|Any CPU.Build.0 = Debug|Any CPU
		{E6D61CC2-3F23-7A72-C462-65BE06911E36}.Release|Any CPU.ActiveCfg = Release|Any CPU
		{E6D61CC2-3F23-7A72-C462-65BE06911E36}.Release|Any CPU.Build.0 = Release|Any CPU
		{3BA95B3C-796B-54A9-4F22-CA6F58312A19}.Debug|Any CPU.ActiveCfg = Debug|Any CPU
		{3BA95B3C-796B-54A9-4F22-CA6F58312A19}.Debug|Any CPU.Build.0 = Debug|Any CPU
		{3BA95B3C-796B-54A9-4F22-CA6F58312A19}.Release|Any CPU.ActiveCfg = Release|Any CPU
		{3BA95B3C-796B-54A9-4F22-CA6F58312A19}.Release|Any CPU.Build.0 = Release|Any CPU
		{6F0E7899-DEB0-235A-ACCA-43F4DD9E2727}.Debug|Any CPU.ActiveCfg = Debug|Any CPU
		{6F0E7899-DEB0-235A-ACCA-43F4DD9E2727}.Debug|Any CPU.Build.0 = Debug|Any CPU
		{6F0E7899-DEB0-235A-ACCA-43F4DD9E2727}.Release|Any CPU.ActiveCfg = Release|Any CPU
		{6F0E7899-DEB0-235A-ACCA-43F4DD9E2727}.Release|Any CPU.Build.0 = Release|Any CPU
		{5CD545B3-BA4B-F12E-AFB7-8805D34BFFDB}.Debug|Any CPU.ActiveCfg = Debug|Any CPU
		{5CD545B3-BA4B-F12E-AFB7-8805D34BFFDB}.Debug|Any CPU.Build.0 = Debug|Any CPU
		{5CD545B3-BA4B-F12E-AFB7-8805D34BFFDB}.Release|Any CPU.ActiveCfg = Release|Any CPU
		{5CD545B3-BA4B-F12E-AFB7-8805D34BFFDB}.Release|Any CPU.Build.0 = Release|Any CPU
		{CBADEF93-783E-CF52-7144-777607CD0F3B}.Debug|Any CPU.ActiveCfg = Debug|Any CPU
		{CBADEF93-783E-CF52-7144-777607CD0F3B}.Debug|Any CPU.Build.0 = Debug|Any CPU
		{CBADEF93-783E-CF52-7144-777607CD0F3B}.Release|Any CPU.ActiveCfg = Release|Any CPU
		{CBADEF93-783E-CF52-7144-777607CD0F3B}.Release|Any CPU.Build.0 = Release|Any CPU
		{71BEFCE1-3101-F158-95F2-FA60576BCB18}.Debug|Any CPU.ActiveCfg = Debug|Any CPU
		{71BEFCE1-3101-F158-95F2-FA60576BCB18}.Debug|Any CPU.Build.0 = Debug|Any CPU
		{71BEFCE1-3101-F158-95F2-FA60576BCB18}.Release|Any CPU.ActiveCfg = Release|Any CPU
		{71BEFCE1-3101-F158-95F2-FA60576BCB18}.Release|Any CPU.Build.0 = Release|Any CPU
		{50EF00E8-4747-7A8A-19D1-0084591B6CAF}.Debug|Any CPU.ActiveCfg = Debug|Any CPU
		{50EF00E8-4747-7A8A-19D1-0084591B6CAF}.Debug|Any CPU.Build.0 = Debug|Any CPU
		{50EF00E8-4747-7A8A-19D1-0084591B6CAF}.Release|Any CPU.ActiveCfg = Release|Any CPU
		{50EF00E8-4747-7A8A-19D1-0084591B6CAF}.Release|Any CPU.Build.0 = Release|Any CPU
		{81593846-B166-C8BF-8C91-1F38346D4ECF}.Debug|Any CPU.ActiveCfg = Debug|Any CPU
		{81593846-B166-C8BF-8C91-1F38346D4ECF}.Debug|Any CPU.Build.0 = Debug|Any CPU
		{81593846-B166-C8BF-8C91-1F38346D4ECF}.Release|Any CPU.ActiveCfg = Release|Any CPU
		{81593846-B166-C8BF-8C91-1F38346D4ECF}.Release|Any CPU.Build.0 = Release|Any CPU
		{D345BA65-2A19-A668-916A-B03039A70B14}.Debug|Any CPU.ActiveCfg = Debug|Any CPU
		{D345BA65-2A19-A668-916A-B03039A70B14}.Debug|Any CPU.Build.0 = Debug|Any CPU
		{D345BA65-2A19-A668-916A-B03039A70B14}.Release|Any CPU.ActiveCfg = Release|Any CPU
		{D345BA65-2A19-A668-916A-B03039A70B14}.Release|Any CPU.Build.0 = Release|Any CPU
		{2CD2FE19-3495-BAF4-DBD3-56E0B966EDED}.Debug|Any CPU.ActiveCfg = Debug|Any CPU
		{2CD2FE19-3495-BAF4-DBD3-56E0B966EDED}.Debug|Any CPU.Build.0 = Debug|Any CPU
		{2CD2FE19-3495-BAF4-DBD3-56E0B966EDED}.Release|Any CPU.ActiveCfg = Release|Any CPU
		{2CD2FE19-3495-BAF4-DBD3-56E0B966EDED}.Release|Any CPU.Build.0 = Release|Any CPU
		{E4419A5D-CBF9-7A84-B97B-1480449ED96C}.Debug|Any CPU.ActiveCfg = Debug|Any CPU
		{E4419A5D-CBF9-7A84-B97B-1480449ED96C}.Debug|Any CPU.Build.0 = Debug|Any CPU
		{E4419A5D-CBF9-7A84-B97B-1480449ED96C}.Release|Any CPU.ActiveCfg = Release|Any CPU
		{E4419A5D-CBF9-7A84-B97B-1480449ED96C}.Release|Any CPU.Build.0 = Release|Any CPU
		{F8A5FBE7-7083-800A-70F5-B6936DD41143}.Debug|Any CPU.ActiveCfg = Debug|Any CPU
		{F8A5FBE7-7083-800A-70F5-B6936DD41143}.Debug|Any CPU.Build.0 = Debug|Any CPU
		{F8A5FBE7-7083-800A-70F5-B6936DD41143}.Release|Any CPU.ActiveCfg = Release|Any CPU
		{F8A5FBE7-7083-800A-70F5-B6936DD41143}.Release|Any CPU.Build.0 = Release|Any CPU
		{74C7A912-2E56-F2C4-DF69-3DF2F0AFCE8A}.Debug|Any CPU.ActiveCfg = Debug|Any CPU
		{74C7A912-2E56-F2C4-DF69-3DF2F0AFCE8A}.Debug|Any CPU.Build.0 = Debug|Any CPU
		{74C7A912-2E56-F2C4-DF69-3DF2F0AFCE8A}.Release|Any CPU.ActiveCfg = Release|Any CPU
		{74C7A912-2E56-F2C4-DF69-3DF2F0AFCE8A}.Release|Any CPU.Build.0 = Release|Any CPU
		{9E082543-9446-AC60-9604-7324B7B39B40}.Debug|Any CPU.ActiveCfg = Debug|Any CPU
		{9E082543-9446-AC60-9604-7324B7B39B40}.Debug|Any CPU.Build.0 = Debug|Any CPU
		{9E082543-9446-AC60-9604-7324B7B39B40}.Release|Any CPU.ActiveCfg = Release|Any CPU
		{9E082543-9446-AC60-9604-7324B7B39B40}.Release|Any CPU.Build.0 = Release|Any CPU
		{8F995746-0173-F953-2D5B-DC0946625CAF}.Debug|Any CPU.ActiveCfg = Debug|Any CPU
		{8F995746-0173-F953-2D5B-DC0946625CAF}.Debug|Any CPU.Build.0 = Debug|Any CPU
		{8F995746-0173-F953-2D5B-DC0946625CAF}.Release|Any CPU.ActiveCfg = Release|Any CPU
		{8F995746-0173-F953-2D5B-DC0946625CAF}.Release|Any CPU.Build.0 = Release|Any CPU
		{9419AD26-BF1C-ABEA-7BD1-9CF3E7E28A44}.Debug|Any CPU.ActiveCfg = Debug|Any CPU
		{9419AD26-BF1C-ABEA-7BD1-9CF3E7E28A44}.Debug|Any CPU.Build.0 = Debug|Any CPU
		{9419AD26-BF1C-ABEA-7BD1-9CF3E7E28A44}.Release|Any CPU.ActiveCfg = Release|Any CPU
		{9419AD26-BF1C-ABEA-7BD1-9CF3E7E28A44}.Release|Any CPU.Build.0 = Release|Any CPU
		{60ADFA79-3B04-333E-371B-955EC1966058}.Debug|Any CPU.ActiveCfg = Debug|Any CPU
		{60ADFA79-3B04-333E-371B-955EC1966058}.Debug|Any CPU.Build.0 = Debug|Any CPU
		{60ADFA79-3B04-333E-371B-955EC1966058}.Release|Any CPU.ActiveCfg = Release|Any CPU
		{60ADFA79-3B04-333E-371B-955EC1966058}.Release|Any CPU.Build.0 = Release|Any CPU
		{D3337B83-58D9-70F9-E2C8-C58512CFD74E}.Debug|Any CPU.ActiveCfg = Debug|Any CPU
		{D3337B83-58D9-70F9-E2C8-C58512CFD74E}.Debug|Any CPU.Build.0 = Debug|Any CPU
		{D3337B83-58D9-70F9-E2C8-C58512CFD74E}.Release|Any CPU.ActiveCfg = Release|Any CPU
		{D3337B83-58D9-70F9-E2C8-C58512CFD74E}.Release|Any CPU.Build.0 = Release|Any CPU
		{8E0F7741-408D-A43F-809C-6127C4D172D9}.Debug|Any CPU.ActiveCfg = Debug|Any CPU
		{8E0F7741-408D-A43F-809C-6127C4D172D9}.Debug|Any CPU.Build.0 = Debug|Any CPU
		{8E0F7741-408D-A43F-809C-6127C4D172D9}.Release|Any CPU.ActiveCfg = Release|Any CPU
		{8E0F7741-408D-A43F-809C-6127C4D172D9}.Release|Any CPU.Build.0 = Release|Any CPU
		{D613546D-F98F-638A-E143-C09B54C69AE1}.Debug|Any CPU.ActiveCfg = Debug|Any CPU
		{D613546D-F98F-638A-E143-C09B54C69AE1}.Debug|Any CPU.Build.0 = Debug|Any CPU
		{D613546D-F98F-638A-E143-C09B54C69AE1}.Release|Any CPU.ActiveCfg = Release|Any CPU
		{D613546D-F98F-638A-E143-C09B54C69AE1}.Release|Any CPU.Build.0 = Release|Any CPU
		{8A714487-8733-D9D5-264F-43F832642056}.Debug|Any CPU.ActiveCfg = Debug|Any CPU
		{8A714487-8733-D9D5-264F-43F832642056}.Debug|Any CPU.Build.0 = Debug|Any CPU
		{8A714487-8733-D9D5-264F-43F832642056}.Release|Any CPU.ActiveCfg = Release|Any CPU
		{8A714487-8733-D9D5-264F-43F832642056}.Release|Any CPU.Build.0 = Release|Any CPU
		{715D2689-9E2D-6C7E-471C-DB1031D21275}.Debug|Any CPU.ActiveCfg = Debug|Any CPU
		{715D2689-9E2D-6C7E-471C-DB1031D21275}.Debug|Any CPU.Build.0 = Debug|Any CPU
		{715D2689-9E2D-6C7E-471C-DB1031D21275}.Release|Any CPU.ActiveCfg = Release|Any CPU
		{715D2689-9E2D-6C7E-471C-DB1031D21275}.Release|Any CPU.Build.0 = Release|Any CPU
		{2970A2C2-4349-D9A3-803A-0E7E0826FE74}.Debug|Any CPU.ActiveCfg = Debug|Any CPU
		{2970A2C2-4349-D9A3-803A-0E7E0826FE74}.Debug|Any CPU.Build.0 = Debug|Any CPU
		{2970A2C2-4349-D9A3-803A-0E7E0826FE74}.Release|Any CPU.ActiveCfg = Release|Any CPU
		{2970A2C2-4349-D9A3-803A-0E7E0826FE74}.Release|Any CPU.Build.0 = Release|Any CPU
		{9E531F11-4E8D-8991-49C9-9773C9738A72}.Debug|Any CPU.ActiveCfg = Debug|Any CPU
		{9E531F11-4E8D-8991-49C9-9773C9738A72}.Debug|Any CPU.Build.0 = Debug|Any CPU
		{9E531F11-4E8D-8991-49C9-9773C9738A72}.Release|Any CPU.ActiveCfg = Release|Any CPU
		{9E531F11-4E8D-8991-49C9-9773C9738A72}.Release|Any CPU.Build.0 = Release|Any CPU
		{443DB624-41AE-2E45-E63B-35E18F05978F}.Debug|Any CPU.ActiveCfg = Debug|Any CPU
		{443DB624-41AE-2E45-E63B-35E18F05978F}.Debug|Any CPU.Build.0 = Debug|Any CPU
		{443DB624-41AE-2E45-E63B-35E18F05978F}.Release|Any CPU.ActiveCfg = Release|Any CPU
		{443DB624-41AE-2E45-E63B-35E18F05978F}.Release|Any CPU.Build.0 = Release|Any CPU
		{AABF22F3-E364-6B73-A652-24E52BBFDA98}.Debug|Any CPU.ActiveCfg = Debug|Any CPU
		{AABF22F3-E364-6B73-A652-24E52BBFDA98}.Debug|Any CPU.Build.0 = Debug|Any CPU
		{AABF22F3-E364-6B73-A652-24E52BBFDA98}.Release|Any CPU.ActiveCfg = Release|Any CPU
		{AABF22F3-E364-6B73-A652-24E52BBFDA98}.Release|Any CPU.Build.0 = Release|Any CPU
		{D35DE2D5-F15E-8B7F-D467-2F6DE64F10EF}.Debug|Any CPU.ActiveCfg = Debug|Any CPU
		{D35DE2D5-F15E-8B7F-D467-2F6DE64F10EF}.Debug|Any CPU.Build.0 = Debug|Any CPU
		{D35DE2D5-F15E-8B7F-D467-2F6DE64F10EF}.Release|Any CPU.ActiveCfg = Release|Any CPU
		{D35DE2D5-F15E-8B7F-D467-2F6DE64F10EF}.Release|Any CPU.Build.0 = Release|Any CPU
		{F9F6C421-5C46-3442-E769-6D6AC2ABCC67}.Debug|Any CPU.ActiveCfg = Debug|Any CPU
		{F9F6C421-5C46-3442-E769-6D6AC2ABCC67}.Debug|Any CPU.Build.0 = Debug|Any CPU
		{F9F6C421-5C46-3442-E769-6D6AC2ABCC67}.Release|Any CPU.ActiveCfg = Release|Any CPU
		{F9F6C421-5C46-3442-E769-6D6AC2ABCC67}.Release|Any CPU.Build.0 = Release|Any CPU
		{DC8C6267-617D-30DF-46A9-C3E840A851CD}.Debug|Any CPU.ActiveCfg = Debug|Any CPU
		{DC8C6267-617D-30DF-46A9-C3E840A851CD}.Debug|Any CPU.Build.0 = Debug|Any CPU
		{DC8C6267-617D-30DF-46A9-C3E840A851CD}.Release|Any CPU.ActiveCfg = Release|Any CPU
		{DC8C6267-617D-30DF-46A9-C3E840A851CD}.Release|Any CPU.Build.0 = Release|Any CPU
		{91056886-793D-5E3C-3565-FD2E2F3086BB}.Debug|Any CPU.ActiveCfg = Debug|Any CPU
		{91056886-793D-5E3C-3565-FD2E2F3086BB}.Debug|Any CPU.Build.0 = Debug|Any CPU
		{91056886-793D-5E3C-3565-FD2E2F3086BB}.Release|Any CPU.ActiveCfg = Release|Any CPU
		{91056886-793D-5E3C-3565-FD2E2F3086BB}.Release|Any CPU.Build.0 = Release|Any CPU
		{51A218D8-4778-E2F5-3FF9-13E31BA0C627}.Debug|Any CPU.ActiveCfg = Debug|Any CPU
		{51A218D8-4778-E2F5-3FF9-13E31BA0C627}.Debug|Any CPU.Build.0 = Debug|Any CPU
		{51A218D8-4778-E2F5-3FF9-13E31BA0C627}.Release|Any CPU.ActiveCfg = Release|Any CPU
		{51A218D8-4778-E2F5-3FF9-13E31BA0C627}.Release|Any CPU.Build.0 = Release|Any CPU
		{3CDC991E-3B3C-4745-0698-2753D57F9E84}.Debug|Any CPU.ActiveCfg = Debug|Any CPU
		{3CDC991E-3B3C-4745-0698-2753D57F9E84}.Debug|Any CPU.Build.0 = Debug|Any CPU
		{3CDC991E-3B3C-4745-0698-2753D57F9E84}.Release|Any CPU.ActiveCfg = Release|Any CPU
		{3CDC991E-3B3C-4745-0698-2753D57F9E84}.Release|Any CPU.Build.0 = Release|Any CPU
		{28AA5CF3-8B7F-8D6B-AAD1-5075A8F2588F}.Debug|Any CPU.ActiveCfg = Debug|Any CPU
		{28AA5CF3-8B7F-8D6B-AAD1-5075A8F2588F}.Debug|Any CPU.Build.0 = Debug|Any CPU
		{28AA5CF3-8B7F-8D6B-AAD1-5075A8F2588F}.Release|Any CPU.ActiveCfg = Release|Any CPU
		{28AA5CF3-8B7F-8D6B-AAD1-5075A8F2588F}.Release|Any CPU.Build.0 = Release|Any CPU
		{D5AFD67F-E92D-8378-0776-224555CB7DF7}.Debug|Any CPU.ActiveCfg = Debug|Any CPU
		{D5AFD67F-E92D-8378-0776-224555CB7DF7}.Debug|Any CPU.Build.0 = Debug|Any CPU
		{D5AFD67F-E92D-8378-0776-224555CB7DF7}.Release|Any CPU.ActiveCfg = Release|Any CPU
		{D5AFD67F-E92D-8378-0776-224555CB7DF7}.Release|Any CPU.Build.0 = Release|Any CPU
		{2D176BD8-9375-5C96-D89B-0E94AE939536}.Debug|Any CPU.ActiveCfg = Debug|Any CPU
		{2D176BD8-9375-5C96-D89B-0E94AE939536}.Debug|Any CPU.Build.0 = Debug|Any CPU
		{2D176BD8-9375-5C96-D89B-0E94AE939536}.Release|Any CPU.ActiveCfg = Release|Any CPU
		{2D176BD8-9375-5C96-D89B-0E94AE939536}.Release|Any CPU.Build.0 = Release|Any CPU
		{EAB7A27D-4BE0-7FB7-A73C-1EFBFFD8D5E6}.Debug|Any CPU.ActiveCfg = Debug|Any CPU
		{EAB7A27D-4BE0-7FB7-A73C-1EFBFFD8D5E6}.Debug|Any CPU.Build.0 = Debug|Any CPU
		{EAB7A27D-4BE0-7FB7-A73C-1EFBFFD8D5E6}.Release|Any CPU.ActiveCfg = Release|Any CPU
		{EAB7A27D-4BE0-7FB7-A73C-1EFBFFD8D5E6}.Release|Any CPU.Build.0 = Release|Any CPU
		{C931F2A2-545C-6245-EB89-77207456BD71}.Debug|Any CPU.ActiveCfg = Debug|Any CPU
		{C931F2A2-545C-6245-EB89-77207456BD71}.Debug|Any CPU.Build.0 = Debug|Any CPU
		{C931F2A2-545C-6245-EB89-77207456BD71}.Release|Any CPU.ActiveCfg = Release|Any CPU
		{C931F2A2-545C-6245-EB89-77207456BD71}.Release|Any CPU.Build.0 = Release|Any CPU
		{5B693702-D521-D05C-1363-9CA51B6FF862}.Debug|Any CPU.ActiveCfg = Debug|Any CPU
		{5B693702-D521-D05C-1363-9CA51B6FF862}.Debug|Any CPU.Build.0 = Debug|Any CPU
		{5B693702-D521-D05C-1363-9CA51B6FF862}.Release|Any CPU.ActiveCfg = Release|Any CPU
		{5B693702-D521-D05C-1363-9CA51B6FF862}.Release|Any CPU.Build.0 = Release|Any CPU
		{FB71FC69-8193-3FB5-683C-4AA61532C683}.Debug|Any CPU.ActiveCfg = Debug|Any CPU
		{FB71FC69-8193-3FB5-683C-4AA61532C683}.Debug|Any CPU.Build.0 = Debug|Any CPU
		{FB71FC69-8193-3FB5-683C-4AA61532C683}.Release|Any CPU.ActiveCfg = Release|Any CPU
		{FB71FC69-8193-3FB5-683C-4AA61532C683}.Release|Any CPU.Build.0 = Release|Any CPU
		{B9DD4D93-A9D1-9D3E-AD1C-68DD2B3A409C}.Debug|Any CPU.ActiveCfg = Debug|Any CPU
		{B9DD4D93-A9D1-9D3E-AD1C-68DD2B3A409C}.Debug|Any CPU.Build.0 = Debug|Any CPU
		{B9DD4D93-A9D1-9D3E-AD1C-68DD2B3A409C}.Release|Any CPU.ActiveCfg = Release|Any CPU
		{B9DD4D93-A9D1-9D3E-AD1C-68DD2B3A409C}.Release|Any CPU.Build.0 = Release|Any CPU
		{773179B4-D015-9F70-4C55-EFBD7302E243}.Debug|Any CPU.ActiveCfg = Debug|Any CPU
		{773179B4-D015-9F70-4C55-EFBD7302E243}.Debug|Any CPU.Build.0 = Debug|Any CPU
		{773179B4-D015-9F70-4C55-EFBD7302E243}.Release|Any CPU.ActiveCfg = Release|Any CPU
		{773179B4-D015-9F70-4C55-EFBD7302E243}.Release|Any CPU.Build.0 = Release|Any CPU
		{D9DFD863-828C-88B1-96E6-9B4AE681E437}.Debug|Any CPU.ActiveCfg = Debug|Any CPU
		{D9DFD863-828C-88B1-96E6-9B4AE681E437}.Debug|Any CPU.Build.0 = Debug|Any CPU
		{D9DFD863-828C-88B1-96E6-9B4AE681E437}.Release|Any CPU.ActiveCfg = Release|Any CPU
		{D9DFD863-828C-88B1-96E6-9B4AE681E437}.Release|Any CPU.Build.0 = Release|Any CPU
		{9DBE2DF4-1BA2-4413-1BA0-D5A5DD1CB473}.Debug|Any CPU.ActiveCfg = Debug|Any CPU
		{9DBE2DF4-1BA2-4413-1BA0-D5A5DD1CB473}.Debug|Any CPU.Build.0 = Debug|Any CPU
		{9DBE2DF4-1BA2-4413-1BA0-D5A5DD1CB473}.Release|Any CPU.ActiveCfg = Release|Any CPU
		{9DBE2DF4-1BA2-4413-1BA0-D5A5DD1CB473}.Release|Any CPU.Build.0 = Release|Any CPU
		{258FCBD6-6FE9-4660-1C65-F0B3032DDCF5}.Debug|Any CPU.ActiveCfg = Debug|Any CPU
		{258FCBD6-6FE9-4660-1C65-F0B3032DDCF5}.Debug|Any CPU.Build.0 = Debug|Any CPU
		{258FCBD6-6FE9-4660-1C65-F0B3032DDCF5}.Release|Any CPU.ActiveCfg = Release|Any CPU
		{258FCBD6-6FE9-4660-1C65-F0B3032DDCF5}.Release|Any CPU.Build.0 = Release|Any CPU
		{C8C1D958-737B-E815-3E86-61B5596DD66F}.Debug|Any CPU.ActiveCfg = Debug|Any CPU
		{C8C1D958-737B-E815-3E86-61B5596DD66F}.Debug|Any CPU.Build.0 = Debug|Any CPU
		{C8C1D958-737B-E815-3E86-61B5596DD66F}.Release|Any CPU.ActiveCfg = Release|Any CPU
		{C8C1D958-737B-E815-3E86-61B5596DD66F}.Release|Any CPU.Build.0 = Release|Any CPU
		{9DB7078A-8EB8-EDE0-E53A-BDBF18F828B3}.Debug|Any CPU.ActiveCfg = Debug|Any CPU
		{9DB7078A-8EB8-EDE0-E53A-BDBF18F828B3}.Debug|Any CPU.Build.0 = Debug|Any CPU
		{9DB7078A-8EB8-EDE0-E53A-BDBF18F828B3}.Release|Any CPU.ActiveCfg = Release|Any CPU
		{9DB7078A-8EB8-EDE0-E53A-BDBF18F828B3}.Release|Any CPU.Build.0 = Release|Any CPU
		{344C8E59-D8DE-CBB3-FA96-688C00F2913F}.Debug|Any CPU.ActiveCfg = Debug|Any CPU
		{344C8E59-D8DE-CBB3-FA96-688C00F2913F}.Debug|Any CPU.Build.0 = Debug|Any CPU
		{344C8E59-D8DE-CBB3-FA96-688C00F2913F}.Release|Any CPU.ActiveCfg = Release|Any CPU
		{344C8E59-D8DE-CBB3-FA96-688C00F2913F}.Release|Any CPU.Build.0 = Release|Any CPU
		{76BFDFD9-833F-D094-5B36-88E0525950F5}.Debug|Any CPU.ActiveCfg = Debug|Any CPU
		{76BFDFD9-833F-D094-5B36-88E0525950F5}.Debug|Any CPU.Build.0 = Debug|Any CPU
		{76BFDFD9-833F-D094-5B36-88E0525950F5}.Release|Any CPU.ActiveCfg = Release|Any CPU
		{76BFDFD9-833F-D094-5B36-88E0525950F5}.Release|Any CPU.Build.0 = Release|Any CPU
		{B5C2ACBC-04ED-2AF3-B9DB-0BB427E87E1F}.Debug|Any CPU.ActiveCfg = Debug|Any CPU
		{B5C2ACBC-04ED-2AF3-B9DB-0BB427E87E1F}.Debug|Any CPU.Build.0 = Debug|Any CPU
		{B5C2ACBC-04ED-2AF3-B9DB-0BB427E87E1F}.Release|Any CPU.ActiveCfg = Release|Any CPU
		{B5C2ACBC-04ED-2AF3-B9DB-0BB427E87E1F}.Release|Any CPU.Build.0 = Release|Any CPU
		{B1555B94-7DBE-8298-BF72-0AD5395D5F68}.Debug|Any CPU.ActiveCfg = Debug|Any CPU
		{B1555B94-7DBE-8298-BF72-0AD5395D5F68}.Debug|Any CPU.Build.0 = Debug|Any CPU
		{B1555B94-7DBE-8298-BF72-0AD5395D5F68}.Release|Any CPU.ActiveCfg = Release|Any CPU
		{B1555B94-7DBE-8298-BF72-0AD5395D5F68}.Release|Any CPU.Build.0 = Release|Any CPU
		{DDDBB8EA-1F70-94B3-9CEE-5FD6686FC1E6}.Debug|Any CPU.ActiveCfg = Debug|Any CPU
		{DDDBB8EA-1F70-94B3-9CEE-5FD6686FC1E6}.Debug|Any CPU.Build.0 = Debug|Any CPU
		{DDDBB8EA-1F70-94B3-9CEE-5FD6686FC1E6}.Release|Any CPU.ActiveCfg = Release|Any CPU
		{DDDBB8EA-1F70-94B3-9CEE-5FD6686FC1E6}.Release|Any CPU.Build.0 = Release|Any CPU
		{489E9FC4-346E-0C39-0C3B-EB66E7562812}.Debug|Any CPU.ActiveCfg = Debug|Any CPU
		{489E9FC4-346E-0C39-0C3B-EB66E7562812}.Debug|Any CPU.Build.0 = Debug|Any CPU
		{489E9FC4-346E-0C39-0C3B-EB66E7562812}.Release|Any CPU.ActiveCfg = Release|Any CPU
		{489E9FC4-346E-0C39-0C3B-EB66E7562812}.Release|Any CPU.Build.0 = Release|Any CPU
		{D5B42797-B539-6BCB-7F6C-47110CD1E16C}.Debug|Any CPU.ActiveCfg = Debug|Any CPU
		{D5B42797-B539-6BCB-7F6C-47110CD1E16C}.Debug|Any CPU.Build.0 = Debug|Any CPU
		{D5B42797-B539-6BCB-7F6C-47110CD1E16C}.Release|Any CPU.ActiveCfg = Release|Any CPU
		{D5B42797-B539-6BCB-7F6C-47110CD1E16C}.Release|Any CPU.Build.0 = Release|Any CPU
		{DDD483F9-BD10-A12B-B03E-0E93026727DC}.Debug|Any CPU.ActiveCfg = Debug|Any CPU
		{DDD483F9-BD10-A12B-B03E-0E93026727DC}.Debug|Any CPU.Build.0 = Debug|Any CPU
		{DDD483F9-BD10-A12B-B03E-0E93026727DC}.Release|Any CPU.ActiveCfg = Release|Any CPU
		{DDD483F9-BD10-A12B-B03E-0E93026727DC}.Release|Any CPU.Build.0 = Release|Any CPU
		{022B5B25-85EC-97D6-F915-7F7EACB9496B}.Debug|Any CPU.ActiveCfg = Debug|Any CPU
		{022B5B25-85EC-97D6-F915-7F7EACB9496B}.Debug|Any CPU.Build.0 = Debug|Any CPU
		{022B5B25-85EC-97D6-F915-7F7EACB9496B}.Release|Any CPU.ActiveCfg = Release|Any CPU
		{022B5B25-85EC-97D6-F915-7F7EACB9496B}.Release|Any CPU.Build.0 = Release|Any CPU
		{135E64E8-52E0-EC90-8EF4-CEF859E132D9}.Debug|Any CPU.ActiveCfg = Debug|Any CPU
		{135E64E8-52E0-EC90-8EF4-CEF859E132D9}.Debug|Any CPU.Build.0 = Debug|Any CPU
		{135E64E8-52E0-EC90-8EF4-CEF859E132D9}.Release|Any CPU.ActiveCfg = Release|Any CPU
		{135E64E8-52E0-EC90-8EF4-CEF859E132D9}.Release|Any CPU.Build.0 = Release|Any CPU
		{D4297886-C90C-011E-15DD-431BF3171A84}.Debug|Any CPU.ActiveCfg = Debug|Any CPU
		{D4297886-C90C-011E-15DD-431BF3171A84}.Debug|Any CPU.Build.0 = Debug|Any CPU
		{D4297886-C90C-011E-15DD-431BF3171A84}.Release|Any CPU.ActiveCfg = Release|Any CPU
		{D4297886-C90C-011E-15DD-431BF3171A84}.Release|Any CPU.Build.0 = Release|Any CPU
		{5FA13D61-77DA-937A-7C84-7FF19FE8477E}.Debug|Any CPU.ActiveCfg = Debug|Any CPU
		{5FA13D61-77DA-937A-7C84-7FF19FE8477E}.Debug|Any CPU.Build.0 = Debug|Any CPU
		{5FA13D61-77DA-937A-7C84-7FF19FE8477E}.Release|Any CPU.ActiveCfg = Release|Any CPU
		{5FA13D61-77DA-937A-7C84-7FF19FE8477E}.Release|Any CPU.Build.0 = Release|Any CPU
		{6C661CEA-31D9-ECEC-E1F5-97C4311950F7}.Debug|Any CPU.ActiveCfg = Debug|Any CPU
		{6C661CEA-31D9-ECEC-E1F5-97C4311950F7}.Debug|Any CPU.Build.0 = Debug|Any CPU
		{6C661CEA-31D9-ECEC-E1F5-97C4311950F7}.Release|Any CPU.ActiveCfg = Release|Any CPU
		{6C661CEA-31D9-ECEC-E1F5-97C4311950F7}.Release|Any CPU.Build.0 = Release|Any CPU
		{F8168D40-9CFB-7946-0312-12B5012E5CFE}.Debug|Any CPU.ActiveCfg = Debug|Any CPU
		{F8168D40-9CFB-7946-0312-12B5012E5CFE}.Debug|Any CPU.Build.0 = Debug|Any CPU
		{F8168D40-9CFB-7946-0312-12B5012E5CFE}.Release|Any CPU.ActiveCfg = Release|Any CPU
		{F8168D40-9CFB-7946-0312-12B5012E5CFE}.Release|Any CPU.Build.0 = Release|Any CPU
		{0C866C18-CAF6-1667-C4CE-03A2DA5D52D8}.Debug|Any CPU.ActiveCfg = Debug|Any CPU
		{0C866C18-CAF6-1667-C4CE-03A2DA5D52D8}.Debug|Any CPU.Build.0 = Debug|Any CPU
		{0C866C18-CAF6-1667-C4CE-03A2DA5D52D8}.Release|Any CPU.ActiveCfg = Release|Any CPU
		{0C866C18-CAF6-1667-C4CE-03A2DA5D52D8}.Release|Any CPU.Build.0 = Release|Any CPU
		{94F162BB-CE2C-F2CA-6D94-0C154BE469BD}.Debug|Any CPU.ActiveCfg = Debug|Any CPU
		{94F162BB-CE2C-F2CA-6D94-0C154BE469BD}.Debug|Any CPU.Build.0 = Debug|Any CPU
		{94F162BB-CE2C-F2CA-6D94-0C154BE469BD}.Release|Any CPU.ActiveCfg = Release|Any CPU
		{94F162BB-CE2C-F2CA-6D94-0C154BE469BD}.Release|Any CPU.Build.0 = Release|Any CPU
		{E372C1A0-AD72-9285-E068-8240BA13FD9D}.Debug|Any CPU.ActiveCfg = Debug|Any CPU
		{E372C1A0-AD72-9285-E068-8240BA13FD9D}.Debug|Any CPU.Build.0 = Debug|Any CPU
		{E372C1A0-AD72-9285-E068-8240BA13FD9D}.Release|Any CPU.ActiveCfg = Release|Any CPU
		{E372C1A0-AD72-9285-E068-8240BA13FD9D}.Release|Any CPU.Build.0 = Release|Any CPU
	EndGlobalSection
	GlobalSection(SolutionProperties) = preSolution
		HideSolutionNode = FALSE
	EndGlobalSection
EndGlobal
